<Solution>
  <Folder Name="/src/">
    <Project Path="src/AssignmentSubmissionSystem.Api/AssignmentSubmissionSystem.Api.csproj" />
  </Folder>
  <Folder Name="/tests/">
    <Project Path="tests/AssignmentSubmissionSystem.UnitTests/AssignmentSubmissionSystem.UnitTests.csproj" />
  </Folder>
</Solution>
